// !$*UTF8*$!
{
	archiveVersion = 1;
	classes = {
	};
	objectVersion = 50;
	objects = {

/* Begin PBXBuildFile section */
		2EDEFB5A3B9F4D1DE718B177 /* Pods_SportyNews.framework in Frameworks */ = {isa = PBXBuildFile; fileRef = C542F5BBB948998C4D360412 /* Pods_SportyNews.framework */; };
		BA212DA1244B40A8008AD849 /* SpotrsProtocols.swift in Sources */ = {isa = PBXBuildFile; fileRef = BA212DA0244B40A8008AD849 /* SpotrsProtocols.swift */; };
		BA212DA3244B40DB008AD849 /* LeaguesProtocols.swift in Sources */ = {isa = PBXBuildFile; fileRef = BA212DA2244B40DB008AD849 /* LeaguesProtocols.swift */; };
		BA212DA5244B411E008AD849 /* TeamsProtocols.swift in Sources */ = {isa = PBXBuildFile; fileRef = BA212DA4244B411E008AD849 /* TeamsProtocols.swift */; };
		BA212DA7244B414A008AD849 /* LeaguesDetailsProtocols.swift in Sources */ = {isa = PBXBuildFile; fileRef = BA212DA6244B414A008AD849 /* LeaguesDetailsProtocols.swift */; };
		BA212DAD244B4376008AD849 /* SportViewController.swift in Sources */ = {isa = PBXBuildFile; fileRef = BA212DAC244B4376008AD849 /* SportViewController.swift */; };
		BA212DAF244B472A008AD849 /* LeaguesTableViewController.swift in Sources */ = {isa = PBXBuildFile; fileRef = BA212DAE244B472A008AD849 /* LeaguesTableViewController.swift */; };
		BA212DB1244B4767008AD849 /* LeaguesTableViewCell.swift in Sources */ = {isa = PBXBuildFile; fileRef = BA212DB0244B4767008AD849 /* LeaguesTableViewCell.swift */; };
		BA212DB3244B47CB008AD849 /* LeaguesTableViewController.xib in Resources */ = {isa = PBXBuildFile; fileRef = BA212DB2244B47CB008AD849 /* LeaguesTableViewController.xib */; };
		BA212DB5244B4825008AD849 /* LeaguesStoryboard.storyboard in Resources */ = {isa = PBXBuildFile; fileRef = BA212DB4244B4825008AD849 /* LeaguesStoryboard.storyboard */; };
		BA212DB7244B4C8C008AD849 /* EventEntity.swift in Sources */ = {isa = PBXBuildFile; fileRef = BA212DB6244B4C8C008AD849 /* EventEntity.swift */; };
		BA212DBD244B4D5A008AD849 /* TeamEntity.swift in Sources */ = {isa = PBXBuildFile; fileRef = BA212DBC244B4D5A008AD849 /* TeamEntity.swift */; };
		BA212DBF244B5048008AD849 /* SportsCollectionViewCell.swift in Sources */ = {isa = PBXBuildFile; fileRef = BA212DBE244B5048008AD849 /* SportsCollectionViewCell.swift */; };
		BA212DC1244B57F0008AD849 /* SportsPersenter.swift in Sources */ = {isa = PBXBuildFile; fileRef = BA212DC0244B57F0008AD849 /* SportsPersenter.swift */; };
		BA212DC3244B7972008AD849 /* LeaguesPersenter.swift in Sources */ = {isa = PBXBuildFile; fileRef = BA212DC2244B7972008AD849 /* LeaguesPersenter.swift */; };
		BA212DC7244BA6EC008AD849 /* youtube.png in Resources */ = {isa = PBXBuildFile; fileRef = BA212DC6244BA6EB008AD849 /* youtube.png */; };
		BA212DC9244BA7C5008AD849 /* SportLeagueDelegate.swift in Sources */ = {isa = PBXBuildFile; fileRef = BA212DC8244BA7C5008AD849 /* SportLeagueDelegate.swift */; };
		BA5B0CD4244A110C00E62F86 /* AppDelegate.swift in Sources */ = {isa = PBXBuildFile; fileRef = BA5B0CD3244A110C00E62F86 /* AppDelegate.swift */; };
		BA5B0CD6244A110C00E62F86 /* ViewController.swift in Sources */ = {isa = PBXBuildFile; fileRef = BA5B0CD5244A110C00E62F86 /* ViewController.swift */; };
		BA5B0CD9244A110C00E62F86 /* Main.storyboard in Resources */ = {isa = PBXBuildFile; fileRef = BA5B0CD7244A110C00E62F86 /* Main.storyboard */; };
		BA5B0CDC244A110C00E62F86 /* SportyNews.xcdatamodeld in Sources */ = {isa = PBXBuildFile; fileRef = BA5B0CDA244A110C00E62F86 /* SportyNews.xcdatamodeld */; };
		BA5B0CDE244A111400E62F86 /* Assets.xcassets in Resources */ = {isa = PBXBuildFile; fileRef = BA5B0CDD244A111400E62F86 /* Assets.xcassets */; };
		BA5B0CE1244A111400E62F86 /* LaunchScreen.storyboard in Resources */ = {isa = PBXBuildFile; fileRef = BA5B0CDF244A111400E62F86 /* LaunchScreen.storyboard */; };
		BA789B6D244B2EED00D17ED0 /* APIURLs.swift in Sources */ = {isa = PBXBuildFile; fileRef = BA789B6C244B2EED00D17ED0 /* APIURLs.swift */; };
		BA789B70244B2F1D00D17ED0 /* LeagueEntity.swift in Sources */ = {isa = PBXBuildFile; fileRef = BA789B6F244B2F1D00D17ED0 /* LeagueEntity.swift */; };
		BA789B72244B2F3600D17ED0 /* SportEntity.swift in Sources */ = {isa = PBXBuildFile; fileRef = BA789B71244B2F3600D17ED0 /* SportEntity.swift */; };
		BA789B75244B2F6F00D17ED0 /* NetworkService.swift in Sources */ = {isa = PBXBuildFile; fileRef = BA789B74244B2F6F00D17ED0 /* NetworkService.swift */; };
		BA789B77244B2F8400D17ED0 /* Mapper.swift in Sources */ = {isa = PBXBuildFile; fileRef = BA789B76244B2F8400D17ED0 /* Mapper.swift */; };
		BADA90B0244C5BC90044D817 /* TeamPersenter.swift in Sources */ = {isa = PBXBuildFile; fileRef = BADA90AF244C5BC90044D817 /* TeamPersenter.swift */; };
		BADA90B4244C5C770044D817 /* TeamViewController.swift in Sources */ = {isa = PBXBuildFile; fileRef = BADA90B3244C5C770044D817 /* TeamViewController.swift */; };
		BADA90B7244C5CD30044D817 /* LocalDataStore.swift in Sources */ = {isa = PBXBuildFile; fileRef = BADA90B6244C5CD30044D817 /* LocalDataStore.swift */; };
		BADA90C0244C92830044D817 /* TeamDetailsViewController.swift in Sources */ = {isa = PBXBuildFile; fileRef = BADA90BF244C92830044D817 /* TeamDetailsViewController.swift */; };
		BADA90C2244C95350044D817 /* background.jpeg in Resources */ = {isa = PBXBuildFile; fileRef = BADA90C1244C95340044D817 /* background.jpeg */; };
		BADA90C4244CBD350044D817 /* LeagueDetailsViewController.swift in Sources */ = {isa = PBXBuildFile; fileRef = BADA90C3244CBD350044D817 /* LeagueDetailsViewController.swift */; };
		BADA90C6244CBD630044D817 /* LeagueDetailsPresenter.swift in Sources */ = {isa = PBXBuildFile; fileRef = BADA90C5244CBD630044D817 /* LeagueDetailsPresenter.swift */; };
		BADA90C8244CBDCF0044D817 /* LatestCollectionCell.swift in Sources */ = {isa = PBXBuildFile; fileRef = BADA90C7244CBDCF0044D817 /* LatestCollectionCell.swift */; };
		BADA90CA244CBE040044D817 /* UpcomingCollectionCell.swift in Sources */ = {isa = PBXBuildFile; fileRef = BADA90C9244CBE040044D817 /* UpcomingCollectionCell.swift */; };
		BADA90CC244CBE2C0044D817 /* TeamsCollectionCell.swift in Sources */ = {isa = PBXBuildFile; fileRef = BADA90CB244CBE2C0044D817 /* TeamsCollectionCell.swift */; };
		BADA90CE244CBE880044D817 /* Splashjpg.jpg in Resources */ = {isa = PBXBuildFile; fileRef = BADA90CD244CBE870044D817 /* Splashjpg.jpg */; };
		BADA90D0244CBE930044D817 /* trophy.png in Resources */ = {isa = PBXBuildFile; fileRef = BADA90CF244CBE920044D817 /* trophy.png */; };
		BADA90D2244CDDCE0044D817 /* LeaguesDetailsTableViewCell.swift in Sources */ = {isa = PBXBuildFile; fileRef = BADA90D1244CDDCD0044D817 /* LeaguesDetailsTableViewCell.swift */; };
/* End PBXBuildFile section */

/* Begin PBXFileReference section */
		3592A2C2D6D53E5B3AD553EB /* Pods-SportyNews.debug.xcconfig */ = {isa = PBXFileReference; includeInIndex = 1; lastKnownFileType = text.xcconfig; name = "Pods-SportyNews.debug.xcconfig"; path = "Target Support Files/Pods-SportyNews/Pods-SportyNews.debug.xcconfig"; sourceTree = "<group>"; };
		541C17E7FB5F9D5E153A2F96 /* Pods-SportyNews.release.xcconfig */ = {isa = PBXFileReference; includeInIndex = 1; lastKnownFileType = text.xcconfig; name = "Pods-SportyNews.release.xcconfig"; path = "Target Support Files/Pods-SportyNews/Pods-SportyNews.release.xcconfig"; sourceTree = "<group>"; };
		BA212DA0244B40A8008AD849 /* SpotrsProtocols.swift */ = {isa = PBXFileReference; lastKnownFileType = sourcecode.swift; path = SpotrsProtocols.swift; sourceTree = "<group>"; };
		BA212DA2244B40DB008AD849 /* LeaguesProtocols.swift */ = {isa = PBXFileReference; lastKnownFileType = sourcecode.swift; path = LeaguesProtocols.swift; sourceTree = "<group>"; };
		BA212DA4244B411E008AD849 /* TeamsProtocols.swift */ = {isa = PBXFileReference; lastKnownFileType = sourcecode.swift; path = TeamsProtocols.swift; sourceTree = "<group>"; };
		BA212DA6244B414A008AD849 /* LeaguesDetailsProtocols.swift */ = {isa = PBXFileReference; lastKnownFileType = sourcecode.swift; path = LeaguesDetailsProtocols.swift; sourceTree = "<group>"; };
		BA212DAC244B4376008AD849 /* SportViewController.swift */ = {isa = PBXFileReference; lastKnownFileType = sourcecode.swift; path = SportViewController.swift; sourceTree = "<group>"; };
		BA212DAE244B472A008AD849 /* LeaguesTableViewController.swift */ = {isa = PBXFileReference; lastKnownFileType = sourcecode.swift; path = LeaguesTableViewController.swift; sourceTree = "<group>"; };
		BA212DB0244B4767008AD849 /* LeaguesTableViewCell.swift */ = {isa = PBXFileReference; lastKnownFileType = sourcecode.swift; path = LeaguesTableViewCell.swift; sourceTree = "<group>"; };
		BA212DB2244B47CB008AD849 /* LeaguesTableViewController.xib */ = {isa = PBXFileReference; lastKnownFileType = file.xib; path = LeaguesTableViewController.xib; sourceTree = "<group>"; };
		BA212DB4244B4825008AD849 /* LeaguesStoryboard.storyboard */ = {isa = PBXFileReference; lastKnownFileType = file.storyboard; path = LeaguesStoryboard.storyboard; sourceTree = "<group>"; };
		BA212DB6244B4C8C008AD849 /* EventEntity.swift */ = {isa = PBXFileReference; lastKnownFileType = sourcecode.swift; path = EventEntity.swift; sourceTree = "<group>"; };
		BA212DBC244B4D5A008AD849 /* TeamEntity.swift */ = {isa = PBXFileReference; lastKnownFileType = sourcecode.swift; path = TeamEntity.swift; sourceTree = "<group>"; };
		BA212DBE244B5048008AD849 /* SportsCollectionViewCell.swift */ = {isa = PBXFileReference; lastKnownFileType = sourcecode.swift; path = SportsCollectionViewCell.swift; sourceTree = "<group>"; };
		BA212DC0244B57F0008AD849 /* SportsPersenter.swift */ = {isa = PBXFileReference; lastKnownFileType = sourcecode.swift; path = SportsPersenter.swift; sourceTree = "<group>"; };
		BA212DC2244B7972008AD849 /* LeaguesPersenter.swift */ = {isa = PBXFileReference; lastKnownFileType = sourcecode.swift; path = LeaguesPersenter.swift; sourceTree = "<group>"; };
		BA212DC6244BA6EB008AD849 /* youtube.png */ = {isa = PBXFileReference; lastKnownFileType = image.png; path = youtube.png; sourceTree = "<group>"; };
		BA212DC8244BA7C5008AD849 /* SportLeagueDelegate.swift */ = {isa = PBXFileReference; lastKnownFileType = sourcecode.swift; path = SportLeagueDelegate.swift; sourceTree = "<group>"; };
		BA5B0CD0244A110C00E62F86 /* SportyNews.app */ = {isa = PBXFileReference; explicitFileType = wrapper.application; includeInIndex = 0; path = SportyNews.app; sourceTree = BUILT_PRODUCTS_DIR; };
		BA5B0CD3244A110C00E62F86 /* AppDelegate.swift */ = {isa = PBXFileReference; lastKnownFileType = sourcecode.swift; path = AppDelegate.swift; sourceTree = "<group>"; };
		BA5B0CD5244A110C00E62F86 /* ViewController.swift */ = {isa = PBXFileReference; lastKnownFileType = sourcecode.swift; path = ViewController.swift; sourceTree = "<group>"; };
		BA5B0CD8244A110C00E62F86 /* Base */ = {isa = PBXFileReference; lastKnownFileType = file.storyboard; name = Base; path = Base.lproj/Main.storyboard; sourceTree = "<group>"; };
		BA5B0CDB244A110C00E62F86 /* SportyNews.xcdatamodel */ = {isa = PBXFileReference; lastKnownFileType = wrapper.xcdatamodel; path = SportyNews.xcdatamodel; sourceTree = "<group>"; };
		BA5B0CDD244A111400E62F86 /* Assets.xcassets */ = {isa = PBXFileReference; lastKnownFileType = folder.assetcatalog; path = Assets.xcassets; sourceTree = "<group>"; };
		BA5B0CE0244A111400E62F86 /* Base */ = {isa = PBXFileReference; lastKnownFileType = file.storyboard; name = Base; path = Base.lproj/LaunchScreen.storyboard; sourceTree = "<group>"; };
		BA5B0CE2244A111400E62F86 /* Info.plist */ = {isa = PBXFileReference; lastKnownFileType = text.plist.xml; path = Info.plist; sourceTree = "<group>"; };
		BA789B6C244B2EED00D17ED0 /* APIURLs.swift */ = {isa = PBXFileReference; lastKnownFileType = sourcecode.swift; path = APIURLs.swift; sourceTree = "<group>"; };
		BA789B6F244B2F1D00D17ED0 /* LeagueEntity.swift */ = {isa = PBXFileReference; lastKnownFileType = sourcecode.swift; path = LeagueEntity.swift; sourceTree = "<group>"; };
		BA789B71244B2F3600D17ED0 /* SportEntity.swift */ = {isa = PBXFileReference; lastKnownFileType = sourcecode.swift; path = SportEntity.swift; sourceTree = "<group>"; };
		BA789B74244B2F6F00D17ED0 /* NetworkService.swift */ = {isa = PBXFileReference; lastKnownFileType = sourcecode.swift; path = NetworkService.swift; sourceTree = "<group>"; };
		BA789B76244B2F8400D17ED0 /* Mapper.swift */ = {isa = PBXFileReference; lastKnownFileType = sourcecode.swift; path = Mapper.swift; sourceTree = "<group>"; };
		BADA90AF244C5BC90044D817 /* TeamPersenter.swift */ = {isa = PBXFileReference; lastKnownFileType = sourcecode.swift; path = TeamPersenter.swift; sourceTree = "<group>"; };
		BADA90B3244C5C770044D817 /* TeamViewController.swift */ = {isa = PBXFileReference; lastKnownFileType = sourcecode.swift; path = TeamViewController.swift; sourceTree = "<group>"; };
		BADA90B6244C5CD30044D817 /* LocalDataStore.swift */ = {isa = PBXFileReference; lastKnownFileType = sourcecode.swift; path = LocalDataStore.swift; sourceTree = "<group>"; };
		BADA90BF244C92830044D817 /* TeamDetailsViewController.swift */ = {isa = PBXFileReference; lastKnownFileType = sourcecode.swift; path = TeamDetailsViewController.swift; sourceTree = "<group>"; };
		BADA90C1244C95340044D817 /* background.jpeg */ = {isa = PBXFileReference; lastKnownFileType = image.jpeg; path = background.jpeg; sourceTree = "<group>"; };
		BADA90C3244CBD350044D817 /* LeagueDetailsViewController.swift */ = {isa = PBXFileReference; lastKnownFileType = sourcecode.swift; path = LeagueDetailsViewController.swift; sourceTree = "<group>"; };
		BADA90C5244CBD630044D817 /* LeagueDetailsPresenter.swift */ = {isa = PBXFileReference; lastKnownFileType = sourcecode.swift; path = LeagueDetailsPresenter.swift; sourceTree = "<group>"; };
		BADA90C7244CBDCF0044D817 /* LatestCollectionCell.swift */ = {isa = PBXFileReference; lastKnownFileType = sourcecode.swift; path = LatestCollectionCell.swift; sourceTree = "<group>"; };
		BADA90C9244CBE040044D817 /* UpcomingCollectionCell.swift */ = {isa = PBXFileReference; lastKnownFileType = sourcecode.swift; path = UpcomingCollectionCell.swift; sourceTree = "<group>"; };
		BADA90CB244CBE2C0044D817 /* TeamsCollectionCell.swift */ = {isa = PBXFileReference; lastKnownFileType = sourcecode.swift; path = TeamsCollectionCell.swift; sourceTree = "<group>"; };
		BADA90CD244CBE870044D817 /* Splashjpg.jpg */ = {isa = PBXFileReference; lastKnownFileType = image.jpeg; path = Splashjpg.jpg; sourceTree = "<group>"; };
		BADA90CF244CBE920044D817 /* trophy.png */ = {isa = PBXFileReference; lastKnownFileType = image.png; path = trophy.png; sourceTree = "<group>"; };
		BADA90D1244CDDCD0044D817 /* LeaguesDetailsTableViewCell.swift */ = {isa = PBXFileReference; lastKnownFileType = sourcecode.swift; path = LeaguesDetailsTableViewCell.swift; sourceTree = "<group>"; };
		C542F5BBB948998C4D360412 /* Pods_SportyNews.framework */ = {isa = PBXFileReference; explicitFileType = wrapper.framework; includeInIndex = 0; path = Pods_SportyNews.framework; sourceTree = BUILT_PRODUCTS_DIR; };
/* End PBXFileReference section */

/* Begin PBXFrameworksBuildPhase section */
		BA5B0CCD244A110C00E62F86 /* Frameworks */ = {
			isa = PBXFrameworksBuildPhase;
			buildActionMask = 2147483647;
			files = (
				2EDEFB5A3B9F4D1DE718B177 /* Pods_SportyNews.framework in Frameworks */,
			);
			runOnlyForDeploymentPostprocessing = 0;
		};
/* End PBXFrameworksBuildPhase section */

/* Begin PBXGroup section */
		238776A7A70F0C267B6E297A /* Frameworks */ = {
			isa = PBXGroup;
			children = (
				C542F5BBB948998C4D360412 /* Pods_SportyNews.framework */,
			);
			name = Frameworks;
			sourceTree = "<group>";
		};
		BA212D9C244B3CAF008AD849 /* Sports */ = {
			isa = PBXGroup;
			children = (
				BA212DAC244B4376008AD849 /* SportViewController.swift */,
				BA212DA0244B40A8008AD849 /* SpotrsProtocols.swift */,
				BA212DBE244B5048008AD849 /* SportsCollectionViewCell.swift */,
				BA212DC0244B57F0008AD849 /* SportsPersenter.swift */,
			);
			path = Sports;
			sourceTree = "<group>";
		};
		BA212D9D244B3CD6008AD849 /* Leagues */ = {
			isa = PBXGroup;
			children = (
				BA212DA2244B40DB008AD849 /* LeaguesProtocols.swift */,
				BA212DAE244B472A008AD849 /* LeaguesTableViewController.swift */,
				BA212DB0244B4767008AD849 /* LeaguesTableViewCell.swift */,
				BA212DB2244B47CB008AD849 /* LeaguesTableViewController.xib */,
				BA212DC2244B7972008AD849 /* LeaguesPersenter.swift */,
				BA212DC8244BA7C5008AD849 /* SportLeagueDelegate.swift */,
			);
			path = Leagues;
			sourceTree = "<group>";
		};
		BA212D9E244B3CE9008AD849 /* Teams */ = {
			isa = PBXGroup;
			children = (
				BA212DA4244B411E008AD849 /* TeamsProtocols.swift */,
				BADA90AF244C5BC90044D817 /* TeamPersenter.swift */,
				BADA90B3244C5C770044D817 /* TeamViewController.swift */,
			);
			path = Teams;
			sourceTree = "<group>";
		};
		BA212D9F244B3CF9008AD849 /* LeaguesDetails */ = {
			isa = PBXGroup;
			children = (
				BA212DA6244B414A008AD849 /* LeaguesDetailsProtocols.swift */,
				BADA90C3244CBD350044D817 /* LeagueDetailsViewController.swift */,
				BADA90C5244CBD630044D817 /* LeagueDetailsPresenter.swift */,
				BADA90C7244CBDCF0044D817 /* LatestCollectionCell.swift */,
				BADA90C9244CBE040044D817 /* UpcomingCollectionCell.swift */,
				BADA90CB244CBE2C0044D817 /* TeamsCollectionCell.swift */,
				BADA90D1244CDDCD0044D817 /* LeaguesDetailsTableViewCell.swift */,
			);
			path = LeaguesDetails;
			sourceTree = "<group>";
		};
		BA5B0CC7244A110C00E62F86 = {
			isa = PBXGroup;
			children = (
				BA5B0CD2244A110C00E62F86 /* SportyNews */,
				BA5B0CD1244A110C00E62F86 /* Products */,
				EBA318051B02595E0D290A77 /* Pods */,
				238776A7A70F0C267B6E297A /* Frameworks */,
			);
			sourceTree = "<group>";
		};
		BA5B0CD1244A110C00E62F86 /* Products */ = {
			isa = PBXGroup;
			children = (
				BA5B0CD0244A110C00E62F86 /* SportyNews.app */,
			);
			name = Products;
			sourceTree = "<group>";
		};
		BA5B0CD2244A110C00E62F86 /* SportyNews */ = {
			isa = PBXGroup;
			children = (
				BA212DC6244BA6EB008AD849 /* youtube.png */,
				BADA90C1244C95340044D817 /* background.jpeg */,
				BADA90CD244CBE870044D817 /* Splashjpg.jpg */,
				BADA90CF244CBE920044D817 /* trophy.png */,
				BADA90B8244C8E6E0044D817 /* TeamDetails */,
				BA212D9F244B3CF9008AD849 /* LeaguesDetails */,
				BA212D9E244B3CE9008AD849 /* Teams */,
				BA212D9D244B3CD6008AD849 /* Leagues */,
				BA212D9C244B3CAF008AD849 /* Sports */,
				BA789B6A244B2E5B00D17ED0 /* Model */,
				BA5B0CD3244A110C00E62F86 /* AppDelegate.swift */,
				BA5B0CD5244A110C00E62F86 /* ViewController.swift */,
				BA5B0CD7244A110C00E62F86 /* Main.storyboard */,
				BA212DB4244B4825008AD849 /* LeaguesStoryboard.storyboard */,
				BA5B0CDD244A111400E62F86 /* Assets.xcassets */,
				BA5B0CDF244A111400E62F86 /* LaunchScreen.storyboard */,
				BA5B0CE2244A111400E62F86 /* Info.plist */,
				BA5B0CDA244A110C00E62F86 /* SportyNews.xcdatamodeld */,
			);
			path = SportyNews;
			sourceTree = "<group>";
		};
		BA789B6A244B2E5B00D17ED0 /* Model */ = {
			isa = PBXGroup;
			children = (
				BADA90B5244C5CA10044D817 /* LocalDatabase */,
				BA789B73244B2F4500D17ED0 /* Network */,
				BA789B6E244B2EF500D17ED0 /* Entity */,
				BA789B6B244B2E9300D17ED0 /* Constants */,
			);
			path = Model;
			sourceTree = "<group>";
		};
		BA789B6B244B2E9300D17ED0 /* Constants */ = {
			isa = PBXGroup;
			children = (
				BA789B6C244B2EED00D17ED0 /* APIURLs.swift */,
			);
			path = Constants;
			sourceTree = "<group>";
		};
		BA789B6E244B2EF500D17ED0 /* Entity */ = {
			isa = PBXGroup;
			children = (
				BA789B6F244B2F1D00D17ED0 /* LeagueEntity.swift */,
				BA789B71244B2F3600D17ED0 /* SportEntity.swift */,
				BA212DB6244B4C8C008AD849 /* EventEntity.swift */,
				BA212DBC244B4D5A008AD849 /* TeamEntity.swift */,
			);
			path = Entity;
			sourceTree = "<group>";
		};
		BA789B73244B2F4500D17ED0 /* Network */ = {
			isa = PBXGroup;
			children = (
				BA789B74244B2F6F00D17ED0 /* NetworkService.swift */,
				BA789B76244B2F8400D17ED0 /* Mapper.swift */,
			);
			path = Network;
			sourceTree = "<group>";
		};
		BADA90B5244C5CA10044D817 /* LocalDatabase */ = {
			isa = PBXGroup;
			children = (
				BADA90B6244C5CD30044D817 /* LocalDataStore.swift */,
			);
			path = LocalDatabase;
			sourceTree = "<group>";
		};
		BADA90B8244C8E6E0044D817 /* TeamDetails */ = {
			isa = PBXGroup;
			children = (
				BADA90BF244C92830044D817 /* TeamDetailsViewController.swift */,
			);
			path = TeamDetails;
			sourceTree = "<group>";
		};
		EBA318051B02595E0D290A77 /* Pods */ = {
			isa = PBXGroup;
			children = (
				3592A2C2D6D53E5B3AD553EB /* Pods-SportyNews.debug.xcconfig */,
				541C17E7FB5F9D5E153A2F96 /* Pods-SportyNews.release.xcconfig */,
			);
			path = Pods;
			sourceTree = "<group>";
		};
/* End PBXGroup section */

/* Begin PBXNativeTarget section */
		BA5B0CCF244A110C00E62F86 /* SportyNews */ = {
			isa = PBXNativeTarget;
			buildConfigurationList = BA5B0CE5244A111400E62F86 /* Build configuration list for PBXNativeTarget "SportyNews" */;
			buildPhases = (
				BB1EC422265359EE10AB97A7 /* [CP] Check Pods Manifest.lock */,
				BA5B0CCC244A110C00E62F86 /* Sources */,
				BA5B0CCD244A110C00E62F86 /* Frameworks */,
				BA5B0CCE244A110C00E62F86 /* Resources */,
				141D764EEB3B9A5FD238F0F1 /* [CP] Embed Pods Frameworks */,
			);
			buildRules = (
			);
			dependencies = (
			);
			name = SportyNews;
			productName = SportyNews;
			productReference = BA5B0CD0244A110C00E62F86 /* SportyNews.app */;
			productType = "com.apple.product-type.application";
		};
/* End PBXNativeTarget section */

/* Begin PBXProject section */
		BA5B0CC8244A110C00E62F86 /* Project object */ = {
			isa = PBXProject;
			attributes = {
				LastSwiftUpdateCheck = 0930;
				LastUpgradeCheck = 0930;
				ORGANIZATIONNAME = ITI;
				TargetAttributes = {
					BA5B0CCF244A110C00E62F86 = {
						CreatedOnToolsVersion = 9.3;
					};
				};
			};
			buildConfigurationList = BA5B0CCB244A110C00E62F86 /* Build configuration list for PBXProject "SportyNews" */;
			compatibilityVersion = "Xcode 9.3";
			developmentRegion = en;
			hasScannedForEncodings = 0;
			knownRegions = (
				en,
				Base,
			);
			mainGroup = BA5B0CC7244A110C00E62F86;
			productRefGroup = BA5B0CD1244A110C00E62F86 /* Products */;
			projectDirPath = "";
			projectRoot = "";
			targets = (
				BA5B0CCF244A110C00E62F86 /* SportyNews */,
			);
		};
/* End PBXProject section */

/* Begin PBXResourcesBuildPhase section */
		BA5B0CCE244A110C00E62F86 /* Resources */ = {
			isa = PBXResourcesBuildPhase;
			buildActionMask = 2147483647;
			files = (
				BADA90CE244CBE880044D817 /* Splashjpg.jpg in Resources */,
				BADA90C2244C95350044D817 /* background.jpeg in Resources */,
				BA212DB3244B47CB008AD849 /* LeaguesTableViewController.xib in Resources */,
				BA212DB5244B4825008AD849 /* LeaguesStoryboard.storyboard in Resources */,
				BADA90D0244CBE930044D817 /* trophy.png in Resources */,
				BA5B0CE1244A111400E62F86 /* LaunchScreen.storyboard in Resources */,
				BA212DC7244BA6EC008AD849 /* youtube.png in Resources */,
				BA5B0CDE244A111400E62F86 /* Assets.xcassets in Resources */,
				BA5B0CD9244A110C00E62F86 /* Main.storyboard in Resources */,
			);
			runOnlyForDeploymentPostprocessing = 0;
		};
/* End PBXResourcesBuildPhase section */

/* Begin PBXShellScriptBuildPhase section */
		141D764EEB3B9A5FD238F0F1 /* [CP] Embed Pods Frameworks */ = {
			isa = PBXShellScriptBuildPhase;
			buildActionMask = 2147483647;
			files = (
			);
			name = "[CP] Embed Pods Frameworks";
			runOnlyForDeploymentPostprocessing = 0;
			shellPath = /bin/sh;
			shellScript = "\"${PODS_ROOT}/Target Support Files/Pods-SportyNews/Pods-SportyNews-frameworks.sh\"\n";
			showEnvVarsInLog = 0;
		};
		BB1EC422265359EE10AB97A7 /* [CP] Check Pods Manifest.lock */ = {
			isa = PBXShellScriptBuildPhase;
			buildActionMask = 2147483647;
			files = (
			);
			inputPaths = (
				"${PODS_PODFILE_DIR_PATH}/Podfile.lock",
				"${PODS_ROOT}/Manifest.lock",
			);
			name = "[CP] Check Pods Manifest.lock";
			outputPaths = (
				"$(DERIVED_FILE_DIR)/Pods-SportyNews-checkManifestLockResult.txt",
			);
			runOnlyForDeploymentPostprocessing = 0;
			shellPath = /bin/sh;
			shellScript = "diff \"${PODS_PODFILE_DIR_PATH}/Podfile.lock\" \"${PODS_ROOT}/Manifest.lock\" > /dev/null\nif [ $? != 0 ] ; then\n    # print error to STDERR\n    echo \"error: The sandbox is not in sync with the Podfile.lock. Run 'pod install' or update your CocoaPods installation.\" >&2\n    exit 1\nfi\n# This output is used by Xcode 'outputs' to avoid re-running this script phase.\necho \"SUCCESS\" > \"${SCRIPT_OUTPUT_FILE_0}\"\n";
			showEnvVarsInLog = 0;
		};
/* End PBXShellScriptBuildPhase section */

/* Begin PBXSourcesBuildPhase section */
		BA5B0CCC244A110C00E62F86 /* Sources */ = {
			isa = PBXSourcesBuildPhase;
			buildActionMask = 2147483647;
			files = (
				BA789B6D244B2EED00D17ED0 /* APIURLs.swift in Sources */,
				BADA90B4244C5C770044D817 /* TeamViewController.swift in Sources */,
				BADA90B0244C5BC90044D817 /* TeamPersenter.swift in Sources */,
				BA212DA1244B40A8008AD849 /* SpotrsProtocols.swift in Sources */,
				BA789B70244B2F1D00D17ED0 /* LeagueEntity.swift in Sources */,
				BA212DA5244B411E008AD849 /* TeamsProtocols.swift in Sources */,
				BADA90C0244C92830044D817 /* TeamDetailsViewController.swift in Sources */,
				BA212DBD244B4D5A008AD849 /* TeamEntity.swift in Sources */,
				BA5B0CD6244A110C00E62F86 /* ViewController.swift in Sources */,
				BA212DA3244B40DB008AD849 /* LeaguesProtocols.swift in Sources */,
				BADA90B7244C5CD30044D817 /* LocalDataStore.swift in Sources */,
				BADA90C8244CBDCF0044D817 /* LatestCollectionCell.swift in Sources */,
				BADA90C4244CBD350044D817 /* LeagueDetailsViewController.swift in Sources */,
				BA212DAF244B472A008AD849 /* LeaguesTableViewController.swift in Sources */,
				BA212DB1244B4767008AD849 /* LeaguesTableViewCell.swift in Sources */,
				BA789B72244B2F3600D17ED0 /* SportEntity.swift in Sources */,
				BA789B77244B2F8400D17ED0 /* Mapper.swift in Sources */,
				BA212DC3244B7972008AD849 /* LeaguesPersenter.swift in Sources */,
				BA5B0CDC244A110C00E62F86 /* SportyNews.xcdatamodeld in Sources */,
				BADA90D2244CDDCE0044D817 /* LeaguesDetailsTableViewCell.swift in Sources */,
				BA212DC1244B57F0008AD849 /* SportsPersenter.swift in Sources */,
				BADA90C6244CBD630044D817 /* LeagueDetailsPresenter.swift in Sources */,
				BADA90CA244CBE040044D817 /* UpcomingCollectionCell.swift in Sources */,
				BA212DB7244B4C8C008AD849 /* EventEntity.swift in Sources */,
				BA212DBF244B5048008AD849 /* SportsCollectionViewCell.swift in Sources */,
				BA212DC9244BA7C5008AD849 /* SportLeagueDelegate.swift in Sources */,
				BADA90CC244CBE2C0044D817 /* TeamsCollectionCell.swift in Sources */,
				BA212DA7244B414A008AD849 /* LeaguesDetailsProtocols.swift in Sources */,
				BA5B0CD4244A110C00E62F86 /* AppDelegate.swift in Sources */,
				BA789B75244B2F6F00D17ED0 /* NetworkService.swift in Sources */,
				BA212DAD244B4376008AD849 /* SportViewController.swift in Sources */,
			);
			runOnlyForDeploymentPostprocessing = 0;
		};
/* End PBXSourcesBuildPhase section */

/* Begin PBXVariantGroup section */
		BA5B0CD7244A110C00E62F86 /* Main.storyboard */ = {
			isa = PBXVariantGroup;
			children = (
				BA5B0CD8244A110C00E62F86 /* Base */,
			);
			name = Main.storyboard;
			sourceTree = "<group>";
		};
		BA5B0CDF244A111400E62F86 /* LaunchScreen.storyboard */ = {
			isa = PBXVariantGroup;
			children = (
				BA5B0CE0244A111400E62F86 /* Base */,
			);
			name = LaunchScreen.storyboard;
			sourceTree = "<group>";
		};
/* End PBXVariantGroup section */

/* Begin XCBuildConfiguration section */
		BA5B0CE3244A111400E62F86 /* Debug */ = {
			isa = XCBuildConfiguration;
			buildSettings = {
				ALWAYS_SEARCH_USER_PATHS = NO;
				CLANG_ANALYZER_NONNULL = YES;
				CLANG_ANALYZER_NUMBER_OBJECT_CONVERSION = YES_AGGRESSIVE;
				CLANG_CXX_LANGUAGE_STANDARD = "gnu++14";
				CLANG_CXX_LIBRARY = "libc++";
				CLANG_ENABLE_MODULES = YES;
				CLANG_ENABLE_OBJC_ARC = YES;
				CLANG_ENABLE_OBJC_WEAK = YES;
				CLANG_WARN_BLOCK_CAPTURE_AUTORELEASING = YES;
				CLANG_WARN_BOOL_CONVERSION = YES;
				CLANG_WARN_COMMA = YES;
				CLANG_WARN_CONSTANT_CONVERSION = YES;
				CLANG_WARN_DEPRECATED_OBJC_IMPLEMENTATIONS = YES;
				CLANG_WARN_DIRECT_OBJC_ISA_USAGE = YES_ERROR;
				CLANG_WARN_DOCUMENTATION_COMMENTS = YES;
				CLANG_WARN_EMPTY_BODY = YES;
				CLANG_WARN_ENUM_CONVERSION = YES;
				CLANG_WARN_INFINITE_RECURSION = YES;
				CLANG_WARN_INT_CONVERSION = YES;
				CLANG_WARN_NON_LITERAL_NULL_CONVERSION = YES;
				CLANG_WARN_OBJC_IMPLICIT_RETAIN_SELF = YES;
				CLANG_WARN_OBJC_LITERAL_CONVERSION = YES;
				CLANG_WARN_OBJC_ROOT_CLASS = YES_ERROR;
				CLANG_WARN_RANGE_LOOP_ANALYSIS = YES;
				CLANG_WARN_STRICT_PROTOTYPES = YES;
				CLANG_WARN_SUSPICIOUS_MOVE = YES;
				CLANG_WARN_UNGUARDED_AVAILABILITY = YES_AGGRESSIVE;
				CLANG_WARN_UNREACHABLE_CODE = YES;
				CLANG_WARN__DUPLICATE_METHOD_MATCH = YES;
				CODE_SIGN_IDENTITY = "iPhone Developer";
				COPY_PHASE_STRIP = NO;
				DEBUG_INFORMATION_FORMAT = dwarf;
				ENABLE_STRICT_OBJC_MSGSEND = YES;
				ENABLE_TESTABILITY = YES;
				GCC_C_LANGUAGE_STANDARD = gnu11;
				GCC_DYNAMIC_NO_PIC = NO;
				GCC_NO_COMMON_BLOCKS = YES;
				GCC_OPTIMIZATION_LEVEL = 0;
				GCC_PREPROCESSOR_DEFINITIONS = (
					"DEBUG=1",
					"$(inherited)",
				);
				GCC_WARN_64_TO_32_BIT_CONVERSION = YES;
				GCC_WARN_ABOUT_RETURN_TYPE = YES_ERROR;
				GCC_WARN_UNDECLARED_SELECTOR = YES;
				GCC_WARN_UNINITIALIZED_AUTOS = YES_AGGRESSIVE;
				GCC_WARN_UNUSED_FUNCTION = YES;
				GCC_WARN_UNUSED_VARIABLE = YES;
				IPHONEOS_DEPLOYMENT_TARGET = 11.3;
				MTL_ENABLE_DEBUG_INFO = YES;
				ONLY_ACTIVE_ARCH = YES;
				SDKROOT = iphoneos;
				SWIFT_ACTIVE_COMPILATION_CONDITIONS = DEBUG;
				SWIFT_OPTIMIZATION_LEVEL = "-Onone";
			};
			name = Debug;
		};
		BA5B0CE4244A111400E62F86 /* Release */ = {
			isa = XCBuildConfiguration;
			buildSettings = {
				ALWAYS_SEARCH_USER_PATHS = NO;
				CLANG_ANALYZER_NONNULL = YES;
				CLANG_ANALYZER_NUMBER_OBJECT_CONVERSION = YES_AGGRESSIVE;
				CLANG_CXX_LANGUAGE_STANDARD = "gnu++14";
				CLANG_CXX_LIBRARY = "libc++";
				CLANG_ENABLE_MODULES = YES;
				CLANG_ENABLE_OBJC_ARC = YES;
				CLANG_ENABLE_OBJC_WEAK = YES;
				CLANG_WARN_BLOCK_CAPTURE_AUTORELEASING = YES;
				CLANG_WARN_BOOL_CONVERSION = YES;
				CLANG_WARN_COMMA = YES;
				CLANG_WARN_CONSTANT_CONVERSION = YES;
				CLANG_WARN_DEPRECATED_OBJC_IMPLEMENTATIONS = YES;
				CLANG_WARN_DIRECT_OBJC_ISA_USAGE = YES_ERROR;
				CLANG_WARN_DOCUMENTATION_COMMENTS = YES;
				CLANG_WARN_EMPTY_BODY = YES;
				CLANG_WARN_ENUM_CONVERSION = YES;
				CLANG_WARN_INFINITE_RECURSION = YES;
				CLANG_WARN_INT_CONVERSION = YES;
				CLANG_WARN_NON_LITERAL_NULL_CONVERSION = YES;
				CLANG_WARN_OBJC_IMPLICIT_RETAIN_SELF = YES;
				CLANG_WARN_OBJC_LITERAL_CONVERSION = YES;
				CLANG_WARN_OBJC_ROOT_CLASS = YES_ERROR;
				CLANG_WARN_RANGE_LOOP_ANALYSIS = YES;
				CLANG_WARN_STRICT_PROTOTYPES = YES;
				CLANG_WARN_SUSPICIOUS_MOVE = YES;
				CLANG_WARN_UNGUARDED_AVAILABILITY = YES_AGGRESSIVE;
				CLANG_WARN_UNREACHABLE_CODE = YES;
				CLANG_WARN__DUPLICATE_METHOD_MATCH = YES;
				CODE_SIGN_IDENTITY = "iPhone Developer";
				COPY_PHASE_STRIP = NO;
				DEBUG_INFORMATION_FORMAT = "dwarf-with-dsym";
				ENABLE_NS_ASSERTIONS = NO;
				ENABLE_STRICT_OBJC_MSGSEND = YES;
				GCC_C_LANGUAGE_STANDARD = gnu11;
				GCC_NO_COMMON_BLOCKS = YES;
				GCC_WARN_64_TO_32_BIT_CONVERSION = YES;
				GCC_WARN_ABOUT_RETURN_TYPE = YES_ERROR;
				GCC_WARN_UNDECLARED_SELECTOR = YES;
				GCC_WARN_UNINITIALIZED_AUTOS = YES_AGGRESSIVE;
				GCC_WARN_UNUSED_FUNCTION = YES;
				GCC_WARN_UNUSED_VARIABLE = YES;
				IPHONEOS_DEPLOYMENT_TARGET = 11.3;
				MTL_ENABLE_DEBUG_INFO = NO;
				SDKROOT = iphoneos;
				SWIFT_COMPILATION_MODE = wholemodule;
				SWIFT_OPTIMIZATION_LEVEL = "-O";
				VALIDATE_PRODUCT = YES;
			};
			name = Release;
		};
		BA5B0CE6244A111400E62F86 /* Debug */ = {
			isa = XCBuildConfiguration;
			baseConfigurationReference = 3592A2C2D6D53E5B3AD553EB /* Pods-SportyNews.debug.xcconfig */;
			buildSettings = {
				ASSETCATALOG_COMPILER_APPICON_NAME = AppIcon;
				CODE_SIGN_STYLE = Automatic;
				INFOPLIST_FILE = SportyNews/Info.plist;
				LD_RUNPATH_SEARCH_PATHS = (
					"$(inherited)",
					"@executable_path/Frameworks",
				);
				PRODUCT_BUNDLE_IDENTIFIER = Jets.SportyNews;
				PRODUCT_NAME = "$(TARGET_NAME)";
				SWIFT_VERSION = 4.0;
				TARGETED_DEVICE_FAMILY = "1,2";
			};
			name = Debug;
		};
		BA5B0CE7244A111400E62F86 /* Release */ = {
			isa = XCBuildConfiguration;
			baseConfigurationReference = 541C17E7FB5F9D5E153A2F96 /* Pods-SportyNews.release.xcconfig */;
			buildSettings = {
				ASSETCATALOG_COMPILER_APPICON_NAME = AppIcon;
				CODE_SIGN_STYLE = Automatic;
				INFOPLIST_FILE = SportyNews/Info.plist;
				LD_RUNPATH_SEARCH_PATHS = (
					"$(inherited)",
					"@executable_path/Frameworks",
				);
				PRODUCT_BUNDLE_IDENTIFIER = Jets.SportyNews;
				PRODUCT_NAME = "$(TARGET_NAME)";
				SWIFT_VERSION = 4.0;
				TARGETED_DEVICE_FAMILY = "1,2";
			};
			name = Release;
		};
/* End XCBuildConfiguration section */

/* Begin XCConfigurationList section */
		BA5B0CCB244A110C00E62F86 /* Build configuration list for PBXProject "SportyNews" */ = {
			isa = XCConfigurationList;
			buildConfigurations = (
				BA5B0CE3244A111400E62F86 /* Debug */,
				BA5B0CE4244A111400E62F86 /* Release */,
			);
			defaultConfigurationIsVisible = 0;
			defaultConfigurationName = Release;
		};
		BA5B0CE5244A111400E62F86 /* Build configuration list for PBXNativeTarget "SportyNews" */ = {
			isa = XCConfigurationList;
			buildConfigurations = (
				BA5B0CE6244A111400E62F86 /* Debug */,
				BA5B0CE7244A111400E62F86 /* Release */,
			);
			defaultConfigurationIsVisible = 0;
			defaultConfigurationName = Release;
		};
/* End XCConfigurationList section */

/* Begin XCVersionGroup section */
		BA5B0CDA244A110C00E62F86 /* SportyNews.xcdatamodeld */ = {
			isa = XCVersionGroup;
			children = (
				BA5B0CDB244A110C00E62F86 /* SportyNews.xcdatamodel */,
			);
			currentVersion = BA5B0CDB244A110C00E62F86 /* SportyNews.xcdatamodel */;
			path = SportyNews.xcdatamodeld;
			sourceTree = "<group>";
			versionGroupType = wrapper.xcdatamodel;
		};
/* End XCVersionGroup section */
	};
	rootObject = BA5B0CC8244A110C00E62F86 /* Project object */;
}
